// !$*UTF8*$!
{
	archiveVersion = 1;
	classes = {
	};
	objectVersion = 55;
	objects = {

/* Begin PBXBuildFile section */
		1DC9F7EA28193A4100EA4333 /* AppDelegate.m in Sources */ = {isa = PBXBuildFile; fileRef = 1DC9F7E928193A4100EA4333 /* AppDelegate.m */; };
		1DC9F7ED28193A4100EA4333 /* SceneDelegate.m in Sources */ = {isa = PBXBuildFile; fileRef = 1DC9F7EC28193A4100EA4333 /* SceneDelegate.m */; };
		1DC9F7F028193A4100EA4333 /* ViewController.m in Sources */ = {isa = PBXBuildFile; fileRef = 1DC9F7EF28193A4100EA4333 /* ViewController.m */; };
		1DC9F7F328193A4100EA4333 /* Main.storyboard in Resources */ = {isa = PBXBuildFile; fileRef = 1DC9F7F128193A4100EA4333 /* Main.storyboard */; };
		1DC9F7F528193A4200EA4333 /* Assets.xcassets in Resources */ = {isa = PBXBuildFile; fileRef = 1DC9F7F428193A4200EA4333 /* Assets.xcassets */; };
		1DC9F7F828193A4200EA4333 /* LaunchScreen.storyboard in Resources */ = {isa = PBXBuildFile; fileRef = 1DC9F7F628193A4200EA4333 /* LaunchScreen.storyboard */; };
		1DC9F7FB28193A4200EA4333 /* main.m in Sources */ = {isa = PBXBuildFile; fileRef = 1DC9F7FA28193A4200EA4333 /* main.m */; };
		1DC9F80928193A6C00EA4333 /* DBLogCollectKit.m in Sources */ = {isa = PBXBuildFile; fileRef = 1DC9F80828193A6C00EA4333 /* DBLogCollectKit.m */; };
		1DC9F80A28193A6C00EA4333 /* DBLogCollectKit.h in CopyFiles */ = {isa = PBXBuildFile; fileRef = 1DC9F80728193A6C00EA4333 /* DBLogCollectKit.h */; };
		1DC9F81428193BA300EA4333 /* DBUncaughtExceptionHandler.m in Sources */ = {isa = PBXBuildFile; fileRef = 1DC9F80E28193BA300EA4333 /* DBUncaughtExceptionHandler.m */; };
		1DC9F81528193BA300EA4333 /* DBNetworkHelper.m in Sources */ = {isa = PBXBuildFile; fileRef = 1DC9F81028193BA300EA4333 /* DBNetworkHelper.m */; };
		1DC9F81628193BA300EA4333 /* DBLogerConfigure.m in Sources */ = {isa = PBXBuildFile; fileRef = 1DC9F81328193BA300EA4333 /* DBLogerConfigure.m */; };
		1DCDF058282A13050065D91A /* NSString+DBCrypto.m in Sources */ = {isa = PBXBuildFile; fileRef = 1DCDF057282A13050065D91A /* NSString+DBCrypto.m */; };
		1DE0847D2832249A00A45F37 /* DBCommonConst.m in Sources */ = {isa = PBXBuildFile; fileRef = 1DE0847C2832249A00A45F37 /* DBCommonConst.m */; };
		1DE0848028322FE300A45F37 /* libDBLogCollectKit.a in Frameworks */ = {isa = PBXBuildFile; fileRef = 1DC9F80528193A6C00EA4333 /* libDBLogCollectKit.a */; };
		1DE0848328323EC000A45F37 /* ZXPUnicode.m in Sources */ = {isa = PBXBuildFile; fileRef = 1DE0848128323EC000A45F37 /* ZXPUnicode.m */; };
		1DE0848928326B6E00A45F37 /* DBPermanentThread.m in Sources */ = {isa = PBXBuildFile; fileRef = 1DE0848828326B6E00A45F37 /* DBPermanentThread.m */; };
/* End PBXBuildFile section */

/* Begin PBXCopyFilesBuildPhase section */
		1DC9F80328193A6C00EA4333 /* CopyFiles */ = {
			isa = PBXCopyFilesBuildPhase;
			buildActionMask = 8;
			dstPath = "include/$(PRODUCT_NAME)";
			dstSubfolderSpec = 16;
			files = (
				1DC9F80A28193A6C00EA4333 /* DBLogCollectKit.h in CopyFiles */,
			);
			runOnlyForDeploymentPostprocessing = 1;
		};
/* End PBXCopyFilesBuildPhase section */

/* Begin PBXFileReference section */
		1DC9F7E528193A4100EA4333 /* DBLogerCollectorDemo.app */ = {isa = PBXFileReference; explicitFileType = wrapper.application; includeInIndex = 0; path = DBLogerCollectorDemo.app; sourceTree = BUILT_PRODUCTS_DIR; };
		1DC9F7E828193A4100EA4333 /* AppDelegate.h */ = {isa = PBXFileReference; lastKnownFileType = sourcecode.c.h; path = AppDelegate.h; sourceTree = "<group>"; };
		1DC9F7E928193A4100EA4333 /* AppDelegate.m */ = {isa = PBXFileReference; lastKnownFileType = sourcecode.c.objc; path = AppDelegate.m; sourceTree = "<group>"; };
		1DC9F7EB28193A4100EA4333 /* SceneDelegate.h */ = {isa = PBXFileReference; lastKnownFileType = sourcecode.c.h; path = SceneDelegate.h; sourceTree = "<group>"; };
		1DC9F7EC28193A4100EA4333 /* SceneDelegate.m */ = {isa = PBXFileReference; lastKnownFileType = sourcecode.c.objc; path = SceneDelegate.m; sourceTree = "<group>"; };
		1DC9F7EE28193A4100EA4333 /* ViewController.h */ = {isa = PBXFileReference; lastKnownFileType = sourcecode.c.h; path = ViewController.h; sourceTree = "<group>"; };
		1DC9F7EF28193A4100EA4333 /* ViewController.m */ = {isa = PBXFileReference; lastKnownFileType = sourcecode.c.objc; path = ViewController.m; sourceTree = "<group>"; };
		1DC9F7F228193A4100EA4333 /* Base */ = {isa = PBXFileReference; lastKnownFileType = file.storyboard; name = Base; path = Base.lproj/Main.storyboard; sourceTree = "<group>"; };
		1DC9F7F428193A4200EA4333 /* Assets.xcassets */ = {isa = PBXFileReference; lastKnownFileType = folder.assetcatalog; path = Assets.xcassets; sourceTree = "<group>"; };
		1DC9F7F728193A4200EA4333 /* Base */ = {isa = PBXFileReference; lastKnownFileType = file.storyboard; name = Base; path = Base.lproj/LaunchScreen.storyboard; sourceTree = "<group>"; };
		1DC9F7F928193A4200EA4333 /* Info.plist */ = {isa = PBXFileReference; lastKnownFileType = text.plist.xml; path = Info.plist; sourceTree = "<group>"; };
		1DC9F7FA28193A4200EA4333 /* main.m */ = {isa = PBXFileReference; lastKnownFileType = sourcecode.c.objc; path = main.m; sourceTree = "<group>"; };
		1DC9F80528193A6C00EA4333 /* libDBLogCollectKit.a */ = {isa = PBXFileReference; explicitFileType = archive.ar; includeInIndex = 0; path = libDBLogCollectKit.a; sourceTree = BUILT_PRODUCTS_DIR; };
		1DC9F80728193A6C00EA4333 /* DBLogCollectKit.h */ = {isa = PBXFileReference; lastKnownFileType = sourcecode.c.h; path = DBLogCollectKit.h; sourceTree = "<group>"; };
		1DC9F80828193A6C00EA4333 /* DBLogCollectKit.m */ = {isa = PBXFileReference; lastKnownFileType = sourcecode.c.objc; path = DBLogCollectKit.m; sourceTree = "<group>"; };
		1DC9F80E28193BA300EA4333 /* DBUncaughtExceptionHandler.m */ = {isa = PBXFileReference; fileEncoding = 4; lastKnownFileType = sourcecode.c.objc; path = DBUncaughtExceptionHandler.m; sourceTree = "<group>"; };
		1DC9F80F28193BA300EA4333 /* DBNetworkHelper.h */ = {isa = PBXFileReference; fileEncoding = 4; lastKnownFileType = sourcecode.c.h; path = DBNetworkHelper.h; sourceTree = "<group>"; };
		1DC9F81028193BA300EA4333 /* DBNetworkHelper.m */ = {isa = PBXFileReference; fileEncoding = 4; lastKnownFileType = sourcecode.c.objc; path = DBNetworkHelper.m; sourceTree = "<group>"; };
		1DC9F81128193BA300EA4333 /* DBUncaughtExceptionHandler.h */ = {isa = PBXFileReference; fileEncoding = 4; lastKnownFileType = sourcecode.c.h; path = DBUncaughtExceptionHandler.h; sourceTree = "<group>"; };
		1DC9F81228193BA300EA4333 /* DBLogerConfigure.h */ = {isa = PBXFileReference; fileEncoding = 4; lastKnownFileType = sourcecode.c.h; path = DBLogerConfigure.h; sourceTree = "<group>"; };
		1DC9F81328193BA300EA4333 /* DBLogerConfigure.m */ = {isa = PBXFileReference; fileEncoding = 4; lastKnownFileType = sourcecode.c.objc; path = DBLogerConfigure.m; sourceTree = "<group>"; };
		1DCDF055282A0F740065D91A /* README.md */ = {isa = PBXFileReference; lastKnownFileType = net.daringfireball.markdown; path = README.md; sourceTree = "<group>"; };
		1DCDF056282A13050065D91A /* NSString+DBCrypto.h */ = {isa = PBXFileReference; lastKnownFileType = sourcecode.c.h; path = "NSString+DBCrypto.h"; sourceTree = "<group>"; };
		1DCDF057282A13050065D91A /* NSString+DBCrypto.m */ = {isa = PBXFileReference; lastKnownFileType = sourcecode.c.objc; path = "NSString+DBCrypto.m"; sourceTree = "<group>"; };
		1DE0847B2832249A00A45F37 /* DBCommonConst.h */ = {isa = PBXFileReference; fileEncoding = 4; lastKnownFileType = sourcecode.c.h; path = DBCommonConst.h; sourceTree = "<group>"; };
		1DE0847C2832249A00A45F37 /* DBCommonConst.m */ = {isa = PBXFileReference; fileEncoding = 4; lastKnownFileType = sourcecode.c.objc; path = DBCommonConst.m; sourceTree = "<group>"; };
		1DE0847E2832259B00A45F37 /* DBEnmerator.h */ = {isa = PBXFileReference; lastKnownFileType = sourcecode.c.h; path = DBEnmerator.h; sourceTree = "<group>"; };
		1DE0848128323EC000A45F37 /* ZXPUnicode.m */ = {isa = PBXFileReference; fileEncoding = 4; lastKnownFileType = sourcecode.c.objc; path = ZXPUnicode.m; sourceTree = "<group>"; };
		1DE0848228323EC000A45F37 /* ZXPUnicode.h */ = {isa = PBXFileReference; fileEncoding = 4; lastKnownFileType = sourcecode.c.h; path = ZXPUnicode.h; sourceTree = "<group>"; };
		1DE0848728326B6E00A45F37 /* DBPermanentThread.h */ = {isa = PBXFileReference; fileEncoding = 4; lastKnownFileType = sourcecode.c.h; path = DBPermanentThread.h; sourceTree = "<group>"; };
		1DE0848828326B6E00A45F37 /* DBPermanentThread.m */ = {isa = PBXFileReference; fileEncoding = 4; lastKnownFileType = sourcecode.c.objc; path = DBPermanentThread.m; sourceTree = "<group>"; };
/* End PBXFileReference section */

/* Begin PBXFrameworksBuildPhase section */
		1DC9F7E228193A4100EA4333 /* Frameworks */ = {
			isa = PBXFrameworksBuildPhase;
			buildActionMask = 2147483647;
			files = (
				1DE0848028322FE300A45F37 /* libDBLogCollectKit.a in Frameworks */,
			);
			runOnlyForDeploymentPostprocessing = 0;
		};
		1DC9F80228193A6C00EA4333 /* Frameworks */ = {
			isa = PBXFrameworksBuildPhase;
			buildActionMask = 2147483647;
			files = (
			);
			runOnlyForDeploymentPostprocessing = 0;
		};
/* End PBXFrameworksBuildPhase section */

/* Begin PBXGroup section */
		1DC9F7DC28193A4100EA4333 = {
			isa = PBXGroup;
			children = (
				1DC9F7E728193A4100EA4333 /* DBLogerCollectorDemo */,
				1DC9F80628193A6C00EA4333 /* DBLogCollectKit */,
				1DC9F7E628193A4100EA4333 /* Products */,
				1DE0847F28322FE300A45F37 /* Frameworks */,
			);
			sourceTree = "<group>";
		};
		1DC9F7E628193A4100EA4333 /* Products */ = {
			isa = PBXGroup;
			children = (
				1DC9F7E528193A4100EA4333 /* DBLogerCollectorDemo.app */,
				1DC9F80528193A6C00EA4333 /* libDBLogCollectKit.a */,
			);
			name = Products;
			sourceTree = "<group>";
		};
		1DC9F7E728193A4100EA4333 /* DBLogerCollectorDemo */ = {
			isa = PBXGroup;
			children = (
				1DC9F7E828193A4100EA4333 /* AppDelegate.h */,
				1DC9F7E928193A4100EA4333 /* AppDelegate.m */,
				1DC9F7EB28193A4100EA4333 /* SceneDelegate.h */,
				1DC9F7EC28193A4100EA4333 /* SceneDelegate.m */,
				1DC9F7EE28193A4100EA4333 /* ViewController.h */,
				1DC9F7EF28193A4100EA4333 /* ViewController.m */,
				1DE0848228323EC000A45F37 /* ZXPUnicode.h */,
				1DE0848128323EC000A45F37 /* ZXPUnicode.m */,
				1DC9F7F128193A4100EA4333 /* Main.storyboard */,
				1DC9F7F428193A4200EA4333 /* Assets.xcassets */,
				1DC9F7F628193A4200EA4333 /* LaunchScreen.storyboard */,
				1DC9F7F928193A4200EA4333 /* Info.plist */,
				1DC9F7FA28193A4200EA4333 /* main.m */,
				1DCDF055282A0F740065D91A /* README.md */,
			);
			path = DBLogerCollectorDemo;
			sourceTree = "<group>";
		};
		1DC9F80628193A6C00EA4333 /* DBLogCollectKit */ = {
			isa = PBXGroup;
			children = (
				1DC9F80728193A6C00EA4333 /* DBLogCollectKit.h */,
				1DC9F80828193A6C00EA4333 /* DBLogCollectKit.m */,
				1DCDF056282A13050065D91A /* NSString+DBCrypto.h */,
				1DCDF057282A13050065D91A /* NSString+DBCrypto.m */,
				1DC9F81228193BA300EA4333 /* DBLogerConfigure.h */,
				1DC9F81328193BA300EA4333 /* DBLogerConfigure.m */,
				1DC9F80F28193BA300EA4333 /* DBNetworkHelper.h */,
				1DC9F81028193BA300EA4333 /* DBNetworkHelper.m */,
				1DC9F81128193BA300EA4333 /* DBUncaughtExceptionHandler.h */,
				1DC9F80E28193BA300EA4333 /* DBUncaughtExceptionHandler.m */,
				1DE0847B2832249A00A45F37 /* DBCommonConst.h */,
				1DE0847C2832249A00A45F37 /* DBCommonConst.m */,
				1DE0848728326B6E00A45F37 /* DBPermanentThread.h */,
				1DE0848828326B6E00A45F37 /* DBPermanentThread.m */,
				1DE0847E2832259B00A45F37 /* DBEnmerator.h */,
			);
			path = DBLogCollectKit;
			sourceTree = "<group>";
		};
		1DE0847F28322FE300A45F37 /* Frameworks */ = {
			isa = PBXGroup;
			children = (
			);
			name = Frameworks;
			sourceTree = "<group>";
		};
/* End PBXGroup section */

/* Begin PBXNativeTarget section */
		1DC9F7E428193A4100EA4333 /* DBLogerCollectorDemo */ = {
			isa = PBXNativeTarget;
			buildConfigurationList = 1DC9F7FE28193A4200EA4333 /* Build configuration list for PBXNativeTarget "DBLogerCollectorDemo" */;
			buildPhases = (
				1DC9F7E128193A4100EA4333 /* Sources */,
				1DC9F7E228193A4100EA4333 /* Frameworks */,
				1DC9F7E328193A4100EA4333 /* Resources */,
			);
			buildRules = (
			);
			dependencies = (
			);
			name = DBLogerCollectorDemo;
			productName = DBLogerCollectorDemo;
			productReference = 1DC9F7E528193A4100EA4333 /* DBLogerCollectorDemo.app */;
			productType = "com.apple.product-type.application";
		};
		1DC9F80428193A6C00EA4333 /* DBLogCollectKit */ = {
			isa = PBXNativeTarget;
			buildConfigurationList = 1DC9F80B28193A6C00EA4333 /* Build configuration list for PBXNativeTarget "DBLogCollectKit" */;
			buildPhases = (
				1DC9F80128193A6C00EA4333 /* Sources */,
				1DC9F80228193A6C00EA4333 /* Frameworks */,
				1DC9F80328193A6C00EA4333 /* CopyFiles */,
			);
			buildRules = (
			);
			dependencies = (
			);
			name = DBLogCollectKit;
			productName = DBLogCollectKit;
			productReference = 1DC9F80528193A6C00EA4333 /* libDBLogCollectKit.a */;
			productType = "com.apple.product-type.library.static";
		};
/* End PBXNativeTarget section */

/* Begin PBXProject section */
		1DC9F7DD28193A4100EA4333 /* Project object */ = {
			isa = PBXProject;
			attributes = {
				BuildIndependentTargetsInParallel = 1;
				LastUpgradeCheck = 1330;
				TargetAttributes = {
					1DC9F7E428193A4100EA4333 = {
						CreatedOnToolsVersion = 13.3;
					};
					1DC9F80428193A6C00EA4333 = {
						CreatedOnToolsVersion = 13.3;
					};
				};
			};
			buildConfigurationList = 1DC9F7E028193A4100EA4333 /* Build configuration list for PBXProject "DBLogerCollectorDemo" */;
			compatibilityVersion = "Xcode 13.0";
			developmentRegion = en;
			hasScannedForEncodings = 0;
			knownRegions = (
				en,
				Base,
			);
			mainGroup = 1DC9F7DC28193A4100EA4333;
			productRefGroup = 1DC9F7E628193A4100EA4333 /* Products */;
			projectDirPath = "";
			projectRoot = "";
			targets = (
				1DC9F7E428193A4100EA4333 /* DBLogerCollectorDemo */,
				1DC9F80428193A6C00EA4333 /* DBLogCollectKit */,
			);
		};
/* End PBXProject section */

/* Begin PBXResourcesBuildPhase section */
		1DC9F7E328193A4100EA4333 /* Resources */ = {
			isa = PBXResourcesBuildPhase;
			buildActionMask = 2147483647;
			files = (
				1DC9F7F828193A4200EA4333 /* LaunchScreen.storyboard in Resources */,
				1DC9F7F528193A4200EA4333 /* Assets.xcassets in Resources */,
				1DC9F7F328193A4100EA4333 /* Main.storyboard in Resources */,
			);
			runOnlyForDeploymentPostprocessing = 0;
		};
/* End PBXResourcesBuildPhase section */

/* Begin PBXSourcesBuildPhase section */
		1DC9F7E128193A4100EA4333 /* Sources */ = {
			isa = PBXSourcesBuildPhase;
			buildActionMask = 2147483647;
			files = (
				1DC9F7F028193A4100EA4333 /* ViewController.m in Sources */,
				1DC9F7EA28193A4100EA4333 /* AppDelegate.m in Sources */,
				1DC9F7FB28193A4200EA4333 /* main.m in Sources */,
				1DE0848328323EC000A45F37 /* ZXPUnicode.m in Sources */,
				1DC9F7ED28193A4100EA4333 /* SceneDelegate.m in Sources */,
			);
			runOnlyForDeploymentPostprocessing = 0;
		};
		1DC9F80128193A6C00EA4333 /* Sources */ = {
			isa = PBXSourcesBuildPhase;
			buildActionMask = 2147483647;
			files = (
				1DC9F80928193A6C00EA4333 /* DBLogCollectKit.m in Sources */,
				1DE0848928326B6E00A45F37 /* DBPermanentThread.m in Sources */,
				1DCDF058282A13050065D91A /* NSString+DBCrypto.m in Sources */,
				1DE0847D2832249A00A45F37 /* DBCommonConst.m in Sources */,
				1DC9F81628193BA300EA4333 /* DBLogerConfigure.m in Sources */,
				1DC9F81528193BA300EA4333 /* DBNetworkHelper.m in Sources */,
				1DC9F81428193BA300EA4333 /* DBUncaughtExceptionHandler.m in Sources */,
			);
			runOnlyForDeploymentPostprocessing = 0;
		};
/* End PBXSourcesBuildPhase section */

/* Begin PBXVariantGroup section */
		1DC9F7F128193A4100EA4333 /* Main.storyboard */ = {
			isa = PBXVariantGroup;
			children = (
				1DC9F7F228193A4100EA4333 /* Base */,
			);
			name = Main.storyboard;
			sourceTree = "<group>";
		};
		1DC9F7F628193A4200EA4333 /* LaunchScreen.storyboard */ = {
			isa = PBXVariantGroup;
			children = (
				1DC9F7F728193A4200EA4333 /* Base */,
			);
			name = LaunchScreen.storyboard;
			sourceTree = "<group>";
		};
/* End PBXVariantGroup section */

/* Begin XCBuildConfiguration section */
		1DC9F7FC28193A4200EA4333 /* Debug */ = {
			isa = XCBuildConfiguration;
			buildSettings = {
				ALWAYS_SEARCH_USER_PATHS = NO;
				CLANG_ANALYZER_NONNULL = YES;
				CLANG_ANALYZER_NUMBER_OBJECT_CONVERSION = YES_AGGRESSIVE;
				CLANG_CXX_LANGUAGE_STANDARD = "gnu++17";
				CLANG_ENABLE_MODULES = YES;
				CLANG_ENABLE_OBJC_ARC = YES;
				CLANG_ENABLE_OBJC_WEAK = YES;
				CLANG_WARN_BLOCK_CAPTURE_AUTORELEASING = YES;
				CLANG_WARN_BOOL_CONVERSION = YES;
				CLANG_WARN_COMMA = YES;
				CLANG_WARN_CONSTANT_CONVERSION = YES;
				CLANG_WARN_DEPRECATED_OBJC_IMPLEMENTATIONS = YES;
				CLANG_WARN_DIRECT_OBJC_ISA_USAGE = YES_ERROR;
				CLANG_WARN_DOCUMENTATION_COMMENTS = YES;
				CLANG_WARN_EMPTY_BODY = YES;
				CLANG_WARN_ENUM_CONVERSION = YES;
				CLANG_WARN_INFINITE_RECURSION = YES;
				CLANG_WARN_INT_CONVERSION = YES;
				CLANG_WARN_NON_LITERAL_NULL_CONVERSION = YES;
				CLANG_WARN_OBJC_IMPLICIT_RETAIN_SELF = YES;
				CLANG_WARN_OBJC_LITERAL_CONVERSION = YES;
				CLANG_WARN_OBJC_ROOT_CLASS = YES_ERROR;
				CLANG_WARN_QUOTED_INCLUDE_IN_FRAMEWORK_HEADER = YES;
				CLANG_WARN_RANGE_LOOP_ANALYSIS = YES;
				CLANG_WARN_STRICT_PROTOTYPES = YES;
				CLANG_WARN_SUSPICIOUS_MOVE = YES;
				CLANG_WARN_UNGUARDED_AVAILABILITY = YES_AGGRESSIVE;
				CLANG_WARN_UNREACHABLE_CODE = YES;
				CLANG_WARN__DUPLICATE_METHOD_MATCH = YES;
				COPY_PHASE_STRIP = NO;
				DEBUG_INFORMATION_FORMAT = dwarf;
				ENABLE_STRICT_OBJC_MSGSEND = YES;
				ENABLE_TESTABILITY = YES;
				GCC_C_LANGUAGE_STANDARD = gnu11;
				GCC_DYNAMIC_NO_PIC = NO;
				GCC_NO_COMMON_BLOCKS = YES;
				GCC_OPTIMIZATION_LEVEL = 0;
				GCC_PREPROCESSOR_DEFINITIONS = (
					"DEBUG=1",
					"$(inherited)",
				);
				GCC_WARN_64_TO_32_BIT_CONVERSION = YES;
				GCC_WARN_ABOUT_RETURN_TYPE = YES_ERROR;
				GCC_WARN_UNDECLARED_SELECTOR = YES;
				GCC_WARN_UNINITIALIZED_AUTOS = YES_AGGRESSIVE;
				GCC_WARN_UNUSED_FUNCTION = YES;
				GCC_WARN_UNUSED_VARIABLE = YES;
				IPHONEOS_DEPLOYMENT_TARGET = 15.4;
				MTL_ENABLE_DEBUG_INFO = INCLUDE_SOURCE;
				MTL_FAST_MATH = YES;
				ONLY_ACTIVE_ARCH = YES;
				SDKROOT = iphoneos;
			};
			name = Debug;
		};
		1DC9F7FD28193A4200EA4333 /* Release */ = {
			isa = XCBuildConfiguration;
			buildSettings = {
				ALWAYS_SEARCH_USER_PATHS = NO;
				CLANG_ANALYZER_NONNULL = YES;
				CLANG_ANALYZER_NUMBER_OBJECT_CONVERSION = YES_AGGRESSIVE;
				CLANG_CXX_LANGUAGE_STANDARD = "gnu++17";
				CLANG_ENABLE_MODULES = YES;
				CLANG_ENABLE_OBJC_ARC = YES;
				CLANG_ENABLE_OBJC_WEAK = YES;
				CLANG_WARN_BLOCK_CAPTURE_AUTORELEASING = YES;
				CLANG_WARN_BOOL_CONVERSION = YES;
				CLANG_WARN_COMMA = YES;
				CLANG_WARN_CONSTANT_CONVERSION = YES;
				CLANG_WARN_DEPRECATED_OBJC_IMPLEMENTATIONS = YES;
				CLANG_WARN_DIRECT_OBJC_ISA_USAGE = YES_ERROR;
				CLANG_WARN_DOCUMENTATION_COMMENTS = YES;
				CLANG_WARN_EMPTY_BODY = YES;
				CLANG_WARN_ENUM_CONVERSION = YES;
				CLANG_WARN_INFINITE_RECURSION = YES;
				CLANG_WARN_INT_CONVERSION = YES;
				CLANG_WARN_NON_LITERAL_NULL_CONVERSION = YES;
				CLANG_WARN_OBJC_IMPLICIT_RETAIN_SELF = YES;
				CLANG_WARN_OBJC_LITERAL_CONVERSION = YES;
				CLANG_WARN_OBJC_ROOT_CLASS = YES_ERROR;
				CLANG_WARN_QUOTED_INCLUDE_IN_FRAMEWORK_HEADER = YES;
				CLANG_WARN_RANGE_LOOP_ANALYSIS = YES;
				CLANG_WARN_STRICT_PROTOTYPES = YES;
				CLANG_WARN_SUSPICIOUS_MOVE = YES;
				CLANG_WARN_UNGUARDED_AVAILABILITY = YES_AGGRESSIVE;
				CLANG_WARN_UNREACHABLE_CODE = YES;
				CLANG_WARN__DUPLICATE_METHOD_MATCH = YES;
				COPY_PHASE_STRIP = NO;
				DEBUG_INFORMATION_FORMAT = "dwarf-with-dsym";
				ENABLE_NS_ASSERTIONS = NO;
				ENABLE_STRICT_OBJC_MSGSEND = YES;
				GCC_C_LANGUAGE_STANDARD = gnu11;
				GCC_NO_COMMON_BLOCKS = YES;
				GCC_WARN_64_TO_32_BIT_CONVERSION = YES;
				GCC_WARN_ABOUT_RETURN_TYPE = YES_ERROR;
				GCC_WARN_UNDECLARED_SELECTOR = YES;
				GCC_WARN_UNINITIALIZED_AUTOS = YES_AGGRESSIVE;
				GCC_WARN_UNUSED_FUNCTION = YES;
				GCC_WARN_UNUSED_VARIABLE = YES;
				IPHONEOS_DEPLOYMENT_TARGET = 15.4;
				MTL_ENABLE_DEBUG_INFO = NO;
				MTL_FAST_MATH = YES;
				SDKROOT = iphoneos;
				VALIDATE_PRODUCT = YES;
			};
			name = Release;
		};
		1DC9F7FF28193A4200EA4333 /* Debug */ = {
			isa = XCBuildConfiguration;
			buildSettings = {
				ASSETCATALOG_COMPILER_APPICON_NAME = AppIcon;
				ASSETCATALOG_COMPILER_GLOBAL_ACCENT_COLOR_NAME = AccentColor;
				CODE_SIGN_STYLE = Automatic;
				CURRENT_PROJECT_VERSION = 1;
				DEVELOPMENT_TEAM = 6K53WJAQ2L;
				GENERATE_INFOPLIST_FILE = YES;
				INFOPLIST_FILE = DBLogerCollectorDemo/Info.plist;
				INFOPLIST_KEY_UIApplicationSupportsIndirectInputEvents = YES;
				INFOPLIST_KEY_UILaunchStoryboardName = LaunchScreen;
				INFOPLIST_KEY_UIMainStoryboardFile = Main;
				INFOPLIST_KEY_UISupportedInterfaceOrientations_iPad = "UIInterfaceOrientationPortrait UIInterfaceOrientationPortraitUpsideDown UIInterfaceOrientationLandscapeLeft UIInterfaceOrientationLandscapeRight";
				INFOPLIST_KEY_UISupportedInterfaceOrientations_iPhone = "UIInterfaceOrientationPortrait UIInterfaceOrientationLandscapeLeft UIInterfaceOrientationLandscapeRight";
				IPHONEOS_DEPLOYMENT_TARGET = 9.0;
				LD_RUNPATH_SEARCH_PATHS = (
					"$(inherited)",
					"@executable_path/Frameworks",
				);
				MARKETING_VERSION = 1.0;
				OTHER_LDFLAGS = "-ObjC";
				PRODUCT_BUNDLE_IDENTIFIER = com.shawlin.linx.DBLogerCollectorDemo;
				PRODUCT_NAME = "$(TARGET_NAME)";
				SWIFT_EMIT_LOC_STRINGS = YES;
				TARGETED_DEVICE_FAMILY = "1,2";
			};
			name = Debug;
		};
		1DC9F80028193A4200EA4333 /* Release */ = {
			isa = XCBuildConfiguration;
			buildSettings = {
				ASSETCATALOG_COMPILER_APPICON_NAME = AppIcon;
				ASSETCATALOG_COMPILER_GLOBAL_ACCENT_COLOR_NAME = AccentColor;
				CODE_SIGN_STYLE = Automatic;
				CURRENT_PROJECT_VERSION = 1;
				DEVELOPMENT_TEAM = 6K53WJAQ2L;
				GENERATE_INFOPLIST_FILE = YES;
				INFOPLIST_FILE = DBLogerCollectorDemo/Info.plist;
				INFOPLIST_KEY_UIApplicationSupportsIndirectInputEvents = YES;
				INFOPLIST_KEY_UILaunchStoryboardName = LaunchScreen;
				INFOPLIST_KEY_UIMainStoryboardFile = Main;
				INFOPLIST_KEY_UISupportedInterfaceOrientations_iPad = "UIInterfaceOrientationPortrait UIInterfaceOrientationPortraitUpsideDown UIInterfaceOrientationLandscapeLeft UIInterfaceOrientationLandscapeRight";
				INFOPLIST_KEY_UISupportedInterfaceOrientations_iPhone = "UIInterfaceOrientationPortrait UIInterfaceOrientationLandscapeLeft UIInterfaceOrientationLandscapeRight";
				IPHONEOS_DEPLOYMENT_TARGET = 9.0;
				LD_RUNPATH_SEARCH_PATHS = (
					"$(inherited)",
					"@executable_path/Frameworks",
				);
				MARKETING_VERSION = 1.0;
				OTHER_LDFLAGS = "-ObjC";
				PRODUCT_BUNDLE_IDENTIFIER = com.shawlin.linx.DBLogerCollectorDemo;
				PRODUCT_NAME = "$(TARGET_NAME)";
				SWIFT_EMIT_LOC_STRINGS = YES;
				TARGETED_DEVICE_FAMILY = "1,2";
			};
			name = Release;
		};
		1DC9F80C28193A6C00EA4333 /* Debug */ = {
			isa = XCBuildConfiguration;
			buildSettings = {
				CODE_SIGN_STYLE = Automatic;
				DEVELOPMENT_TEAM = 6K53WJAQ2L;
				IPHONEOS_DEPLOYMENT_TARGET = 11.0;
				OTHER_LDFLAGS = "-ObjC";
				PRODUCT_NAME = "$(TARGET_NAME)";
				SKIP_INSTALL = YES;
				TARGETED_DEVICE_FAMILY = "1,2";
			};
			name = Debug;
		};
		1DC9F80D28193A6C00EA4333 /* Release */ = {
			isa = XCBuildConfiguration;
			buildSettings = {
				CODE_SIGN_STYLE = Automatic;
				DEVELOPMENT_TEAM = 6K53WJAQ2L;
				IPHONEOS_DEPLOYMENT_TARGET = 11.0;
				OTHER_LDFLAGS = "-ObjC";
				PRODUCT_NAME = "$(TARGET_NAME)";
				SKIP_INSTALL = YES;
				TARGETED_DEVICE_FAMILY = "1,2";
			};
			name = Release;
		};
/* End XCBuildConfiguration section */

/* Begin XCConfigurationList section */
		1DC9F7E028193A4100EA4333 /* Build configuration list for PBXProject "DBLogerCollectorDemo" */ = {
			isa = XCConfigurationList;
			buildConfigurations = (
				1DC9F7FC28193A4200EA4333 /* Debug */,
				1DC9F7FD28193A4200EA4333 /* Release */,
			);
			defaultConfigurationIsVisible = 0;
			defaultConfigurationName = Release;
		};
		1DC9F7FE28193A4200EA4333 /* Build configuration list for PBXNativeTarget "DBLogerCollectorDemo" */ = {
			isa = XCConfigurationList;
			buildConfigurations = (
				1DC9F7FF28193A4200EA4333 /* Debug */,
				1DC9F80028193A4200EA4333 /* Release */,
			);
			defaultConfigurationIsVisible = 0;
			defaultConfigurationName = Release;
		};
		1DC9F80B28193A6C00EA4333 /* Build configuration list for PBXNativeTarget "DBLogCollectKit" */ = {
			isa = XCConfigurationList;
			buildConfigurations = (
				1DC9F80C28193A6C00EA4333 /* Debug */,
				1DC9F80D28193A6C00EA4333 /* Release */,
			);
			defaultConfigurationIsVisible = 0;
			defaultConfigurationName = Release;
		};
/* End XCConfigurationList section */
	};
	rootObject = 1DC9F7DD28193A4100EA4333 /* Project object */;
}
